<?xml version="1.0" encoding="utf-8"?>
<Project ToolsVersion="4.0" xmlns="http://schemas.microsoft.com/developer/msbuild/2003">
  <ItemGroup>
    <Filter Include="GamePunk">
      <UniqueIdentifier>{9D2F5A32-89FC-B43D-B215-A3E59E41EACB}</UniqueIdentifier>
    </Filter>
    <Filter Include="GamePunk\Core">
      <UniqueIdentifier>{159EC2CE-815E-3E05-4A99-8782B61883E1}</UniqueIdentifier>
    </Filter>
    <Filter Include="GamePunk\Debug">
      <UniqueIdentifier>{D3BB22A7-BF89-16AD-A81D-87D3948AF211}</UniqueIdentifier>
    </Filter>
    <Filter Include="GamePunk\Events">
      <UniqueIdentifier>{E188048F-4D14-7253-5625-F547C22FCE53}</UniqueIdentifier>
    </Filter>
    <Filter Include="GamePunk\ImGui">
      <UniqueIdentifier>{872681A7-73F4-74AD-5C88-E5D348F55012}</UniqueIdentifier>
    </Filter>
    <Filter Include="GamePunk\Math">
      <UniqueIdentifier>{96DEC7CE-029F-4305-CBD9-8C82375988E1}</UniqueIdentifier>
    </Filter>
    <Filter Include="GamePunk\Physics">
      <UniqueIdentifier>{0F801A9F-FB78-39F1-24AB-1E76100319FD}</UniqueIdentifier>
    </Filter>
    <Filter Include="GamePunk\Project">
      <UniqueIdentifier>{E320B4B5-CF19-D307-F84B-B88CE4A3B213}</UniqueIdentifier>
    </Filter>
    <Filter Include="GamePunk\Renderer">
      <UniqueIdentifier>{E3534559-4F6A-43EF-98E1-CE1004371477}</UniqueIdentifier>
    </Filter>
    <Filter Include="GamePunk\Scene">
      <UniqueIdentifier>{7A1E31A8-66EC-24AE-4F80-95D43BED0013}</UniqueIdentifier>
    </Filter>
    <Filter Include="GamePunk\Scripting">
      <UniqueIdentifier>{DF8C435E-CB70-04B4-34D1-FE0620D4EE35}</UniqueIdentifier>
    </Filter>
    <Filter Include="GamePunk\UI">
      <UniqueIdentifier>{AAB93666-166F-AF5B-9F63-A9320B18A65F}</UniqueIdentifier>
    </Filter>
    <Filter Include="GamePunk\Utils">
      <UniqueIdentifier>{BDB25EA8-A980-52AE-9214-C3D47E812E13}</UniqueIdentifier>
    </Filter>
    <Filter Include="Platform">
      <UniqueIdentifier>{2AC788B4-1694-E3BF-3FAD-D1672BD9184E}</UniqueIdentifier>
    </Filter>
    <Filter Include="Platform\OpenGL">
      <UniqueIdentifier>{1E7D2C1D-8A08-9AE1-9319-1DD6FF23F6E1}</UniqueIdentifier>
    </Filter>
    <Filter Include="Platform\Windows">
      <UniqueIdentifier>{64FBD71A-50F4-F66C-7926-DCF1657ED678}</UniqueIdentifier>
    </Filter>
  </ItemGroup>
  <ItemGroup>
    <ClInclude Include="src\GamePunk.h" />
    <ClInclude Include="src\GamePunk\Core.h">
      <Filter>GamePunk</Filter>
    </ClInclude>
    <ClInclude Include="src\GamePunk\Core\Application.h">
      <Filter>GamePunk\Core</Filter>
    </ClInclude>
    <ClInclude Include="src\GamePunk\Core\Assert.h">
      <Filter>GamePunk\Core</Filter>
    </ClInclude>
    <ClInclude Include="src\GamePunk\Core\Base.h">
      <Filter>GamePunk\Core</Filter>
    </ClInclude>
    <ClInclude Include="src\GamePunk\Core\EntryPoint.h">
      <Filter>GamePunk\Core</Filter>
    </ClInclude>
    <ClInclude Include="src\GamePunk\Core\Input.h">
      <Filter>GamePunk\Core</Filter>
    </ClInclude>
    <ClInclude Include="src\GamePunk\Core\KeyCodes.h">
      <Filter>GamePunk\Core</Filter>
    </ClInclude>
    <ClInclude Include="src\GamePunk\Core\Layer.h">
      <Filter>GamePunk\Core</Filter>
    </ClInclude>
    <ClInclude Include="src\GamePunk\Core\LayerStack.h">
      <Filter>GamePunk\Core</Filter>
    </ClInclude>
    <ClInclude Include="src\GamePunk\Core\Log.h">
      <Filter>GamePunk\Core</Filter>
    </ClInclude>
    <ClInclude Include="src\GamePunk\Core\MouseCodes.h">
      <Filter>GamePunk\Core</Filter>
    </ClInclude>
    <ClInclude Include="src\GamePunk\Core\PlatformDetection.h">
      <Filter>GamePunk\Core</Filter>
    </ClInclude>
    <ClInclude Include="src\GamePunk\Core\Timer.h">
      <Filter>GamePunk\Core</Filter>
    </ClInclude>
    <ClInclude Include="src\GamePunk\Core\Timestep.h">
      <Filter>GamePunk\Core</Filter>
    </ClInclude>
    <ClInclude Include="src\GamePunk\Core\UUID.h">
      <Filter>GamePunk\Core</Filter>
    </ClInclude>
    <ClInclude Include="src\GamePunk\Core\Window.h">
      <Filter>GamePunk\Core</Filter>
    </ClInclude>
    <ClInclude Include="src\GamePunk\Debug\Instrumentor.h">
      <Filter>GamePunk\Debug</Filter>
    </ClInclude>
    <ClInclude Include="src\GamePunk\Events\ApplicationEvent.h">
      <Filter>GamePunk\Events</Filter>
    </ClInclude>
    <ClInclude Include="src\GamePunk\Events\Event.h">
      <Filter>GamePunk\Events</Filter>
    </ClInclude>
    <ClInclude Include="src\GamePunk\Events\KeyEvent.h">
      <Filter>GamePunk\Events</Filter>
    </ClInclude>
    <ClInclude Include="src\GamePunk\Events\MouseEvent.h">
      <Filter>GamePunk\Events</Filter>
    </ClInclude>
    <ClInclude Include="src\GamePunk\ImGui\ImGuiLayer.h">
      <Filter>GamePunk\ImGui</Filter>
    </ClInclude>
    <ClInclude Include="src\GamePunk\Math\Math.h">
      <Filter>GamePunk\Math</Filter>
    </ClInclude>
    <ClInclude Include="src\GamePunk\Physics\Physics2D.h">
      <Filter>GamePunk\Physics</Filter>
    </ClInclude>
    <ClInclude Include="src\GamePunk\Project\Project.h">
      <Filter>GamePunk\Project</Filter>
    </ClInclude>
    <ClInclude Include="src\GamePunk\Project\ProjectSerializer.h">
      <Filter>GamePunk\Project</Filter>
    </ClInclude>
    <ClInclude Include="src\GamePunk\Renderer\Buffer.h">
      <Filter>GamePunk\Renderer</Filter>
    </ClInclude>
    <ClInclude Include="src\GamePunk\Renderer\Camera.h">
      <Filter>GamePunk\Renderer</Filter>
    </ClInclude>
    <ClInclude Include="src\GamePunk\Renderer\EditorCamera.h">
      <Filter>GamePunk\Renderer</Filter>
    </ClInclude>
    <ClInclude Include="src\GamePunk\Renderer\Font.h">
      <Filter>GamePunk\Renderer</Filter>
    </ClInclude>
    <ClInclude Include="src\GamePunk\Renderer\Framebuffer.h">
      <Filter>GamePunk\Renderer</Filter>
    </ClInclude>
    <ClInclude Include="src\GamePunk\Renderer\GraphicsContext.h">
      <Filter>GamePunk\Renderer</Filter>
    </ClInclude>
    <ClInclude Include="src\GamePunk\Renderer\MSDFData.h">
      <Filter>GamePunk\Renderer</Filter>
    </ClInclude>
    <ClInclude Include="src\GamePunk\Renderer\OrthographicCamera.h">
      <Filter>GamePunk\Renderer</Filter>
    </ClInclude>
    <ClInclude Include="src\GamePunk\Renderer\OrthographicCameraController.h">
      <Filter>GamePunk\Renderer</Filter>
    </ClInclude>
    <ClInclude Include="src\GamePunk\Renderer\RenderCommand.h">
      <Filter>GamePunk\Renderer</Filter>
    </ClInclude>
    <ClInclude Include="src\GamePunk\Renderer\Renderer.h">
      <Filter>GamePunk\Renderer</Filter>
    </ClInclude>
    <ClInclude Include="src\GamePunk\Renderer\Renderer2D.h">
      <Filter>GamePunk\Renderer</Filter>
    </ClInclude>
    <ClInclude Include="src\GamePunk\Renderer\RendererAPI.h">
      <Filter>GamePunk\Renderer</Filter>
    </ClInclude>
    <ClInclude Include="src\GamePunk\Renderer\Shader.h">
      <Filter>GamePunk\Renderer</Filter>
    </ClInclude>
    <ClInclude Include="src\GamePunk\Renderer\Texture.h">
      <Filter>GamePunk\Renderer</Filter>
    </ClInclude>
    <ClInclude Include="src\GamePunk\Renderer\UniformBuffer.h">
      <Filter>GamePunk\Renderer</Filter>
    </ClInclude>
    <ClInclude Include="src\GamePunk\Renderer\VertexArray.h">
      <Filter>GamePunk\Renderer</Filter>
    </ClInclude>
    <ClInclude Include="src\GamePunk\Scene\Components.h">
      <Filter>GamePunk\Scene</Filter>
    </ClInclude>
    <ClInclude Include="src\GamePunk\Scene\Entity.h">
      <Filter>GamePunk\Scene</Filter>
    </ClInclude>
    <ClInclude Include="src\GamePunk\Scene\Scene.h">
      <Filter>GamePunk\Scene</Filter>
    </ClInclude>
    <ClInclude Include="src\GamePunk\Scene\SceneCamera.h">
      <Filter>GamePunk\Scene</Filter>
    </ClInclude>
    <ClInclude Include="src\GamePunk\Scene\SceneSerializer.h">
      <Filter>GamePunk\Scene</Filter>
    </ClInclude>
    <ClInclude Include="src\GamePunk\Scene\Scriptableentity.h">
      <Filter>GamePunk\Scene</Filter>
    </ClInclude>
    <ClInclude Include="src\GamePunk\Scripting\ScriptEngine.h">
      <Filter>GamePunk\Scripting</Filter>
    </ClInclude>
    <ClInclude Include="src\GamePunk\Scripting\ScriptGlue.h">
      <Filter>GamePunk\Scripting</Filter>
    </ClInclude>
    <ClInclude Include="src\GamePunk\UI\UI.h">
      <Filter>GamePunk\UI</Filter>
    </ClInclude>
    <ClInclude Include="src\GamePunk\Utils\PlatformUtils.h">
      <Filter>GamePunk\Utils</Filter>
    </ClInclude>
    <ClInclude Include="src\Platform\OpenGL\OpenGLBuffer.h">
      <Filter>Platform\OpenGL</Filter>
    </ClInclude>
    <ClInclude Include="src\Platform\OpenGL\OpenGLContext.h">
      <Filter>Platform\OpenGL</Filter>
    </ClInclude>
    <ClInclude Include="src\Platform\OpenGL\OpenGLFramebuffer.h">
      <Filter>Platform\OpenGL</Filter>
    </ClInclude>
    <ClInclude Include="src\Platform\OpenGL\OpenGLRendererAPI.h">
      <Filter>Platform\OpenGL</Filter>
    </ClInclude>
    <ClInclude Include="src\Platform\OpenGL\OpenGLShader.h">
      <Filter>Platform\OpenGL</Filter>
    </ClInclude>
    <ClInclude Include="src\Platform\OpenGL\OpenGLTexture.h">
      <Filter>Platform\OpenGL</Filter>
    </ClInclude>
    <ClInclude Include="src\Platform\OpenGL\OpenGLUniformBuffer.h">
      <Filter>Platform\OpenGL</Filter>
    </ClInclude>
    <ClInclude Include="src\Platform\OpenGL\OpenGLVertexArray.h">
      <Filter>Platform\OpenGL</Filter>
    </ClInclude>
    <ClInclude Include="src\Platform\Windows\WindowsWindow.h">
      <Filter>Platform\Windows</Filter>
    </ClInclude>
    <ClInclude Include="src\gppch.h" />
  </ItemGroup>
  <ItemGroup>
    <ClCompile Include="src\GamePunk\Core\Application.cpp">
      <Filter>GamePunk\Core</Filter>
    </ClCompile>
    <ClCompile Include="src\GamePunk\Core\Layer.cpp">
      <Filter>GamePunk\Core</Filter>
    </ClCompile>
    <ClCompile Include="src\GamePunk\Core\LayerStack.cpp">
      <Filter>GamePunk\Core</Filter>
    </ClCompile>
    <ClCompile Include="src\GamePunk\Core\Log.cpp">
      <Filter>GamePunk\Core</Filter>
    </ClCompile>
    <ClCompile Include="src\GamePunk\Core\UUID.cpp">
      <Filter>GamePunk\Core</Filter>
    </ClCompile>
    <ClCompile Include="src\GamePunk\Core\Window.cpp">
      <Filter>GamePunk\Core</Filter>
    </ClCompile>
    <ClCompile Include="src\GamePunk\ImGui\ImGuiBuild.cpp">
      <Filter>GamePunk\ImGui</Filter>
    </ClCompile>
    <ClCompile Include="src\GamePunk\ImGui\ImGuiLayer.cpp">
      <Filter>GamePunk\ImGui</Filter>
    </ClCompile>
    <ClCompile Include="src\GamePunk\Math\Math.cpp">
      <Filter>GamePunk\Math</Filter>
    </ClCompile>
    <ClCompile Include="src\GamePunk\Project\Project.cpp">
      <Filter>GamePunk\Project</Filter>
    </ClCompile>
    <ClCompile Include="src\GamePunk\Project\ProjectSerializer.cpp">
      <Filter>GamePunk\Project</Filter>
    </ClCompile>
    <ClCompile Include="src\GamePunk\Renderer\Buffer.cpp">
      <Filter>GamePunk\Renderer</Filter>
    </ClCompile>
    <ClCompile Include="src\GamePunk\Renderer\EditorCamera.cpp">
      <Filter>GamePunk\Renderer</Filter>
    </ClCompile>
    <ClCompile Include="src\GamePunk\Renderer\Font.cpp">
      <Filter>GamePunk\Renderer</Filter>
    </ClCompile>
    <ClCompile Include="src\GamePunk\Renderer\Framebuffer.cpp">
      <Filter>GamePunk\Renderer</Filter>
    </ClCompile>
    <ClCompile Include="src\GamePunk\Renderer\GraphicsContext.cpp">
      <Filter>GamePunk\Renderer</Filter>
    </ClCompile>
    <ClCompile Include="src\GamePunk\Renderer\OrthographicCamera.cpp">
      <Filter>GamePunk\Renderer</Filter>
    </ClCompile>
    <ClCompile Include="src\GamePunk\Renderer\OrthographicCameraController.cpp">
      <Filter>GamePunk\Renderer</Filter>
    </ClCompile>
    <ClCompile Include="src\GamePunk\Renderer\RenderCommand.cpp">
      <Filter>GamePunk\Renderer</Filter>
    </ClCompile>
    <ClCompile Include="src\GamePunk\Renderer\Renderer.cpp">
      <Filter>GamePunk\Renderer</Filter>
    </ClCompile>
    <ClCompile Include="src\GamePunk\Renderer\Renderer2D.cpp">
      <Filter>GamePunk\Renderer</Filter>
    </ClCompile>
    <ClCompile Include="src\GamePunk\Renderer\RendererAPI.cpp">
      <Filter>GamePunk\Renderer</Filter>
    </ClCompile>
    <ClCompile Include="src\GamePunk\Renderer\Shader.cpp">
      <Filter>GamePunk\Renderer</Filter>
    </ClCompile>
    <ClCompile Include="src\GamePunk\Renderer\Texture.cpp">
      <Filter>GamePunk\Renderer</Filter>
    </ClCompile>
    <ClCompile Include="src\GamePunk\Renderer\UniformBuffer.cpp">
      <Filter>GamePunk\Renderer</Filter>
    </ClCompile>
    <ClCompile Include="src\GamePunk\Renderer\VertexArray.cpp">
      <Filter>GamePunk\Renderer</Filter>
    </ClCompile>
    <ClCompile Include="src\GamePunk\Scene\Entity.cpp">
      <Filter>GamePunk\Scene</Filter>
    </ClCompile>
    <ClCompile Include="src\GamePunk\Scene\Scene.cpp">
      <Filter>GamePunk\Scene</Filter>
    </ClCompile>
    <ClCompile Include="src\GamePunk\Scene\SceneCamera.cpp">
      <Filter>GamePunk\Scene</Filter>
    </ClCompile>
    <ClCompile Include="src\GamePunk\Scene\SceneSerializer.cpp">
      <Filter>GamePunk\Scene</Filter>
    </ClCompile>
    <ClCompile Include="src\GamePunk\Scripting\ScriptEngine.cpp">
      <Filter>GamePunk\Scripting</Filter>
    </ClCompile>
    <ClCompile Include="src\GamePunk\Scripting\ScriptGlue.cpp">
      <Filter>GamePunk\Scripting</Filter>
    </ClCompile>
    <ClCompile Include="src\Platform\OpenGL\OpenGLBuffer.cpp">
      <Filter>Platform\OpenGL</Filter>
    </ClCompile>
    <ClCompile Include="src\Platform\OpenGL\OpenGLContext.cpp">
      <Filter>Platform\OpenGL</Filter>
    </ClCompile>
    <ClCompile Include="src\Platform\OpenGL\OpenGLFramebuffer.cpp">
      <Filter>Platform\OpenGL</Filter>
    </ClCompile>
    <ClCompile Include="src\Platform\OpenGL\OpenGLRendererAPI.cpp">
      <Filter>Platform\OpenGL</Filter>
    </ClCompile>
    <ClCompile Include="src\Platform\OpenGL\OpenGLShader.cpp">
      <Filter>Platform\OpenGL</Filter>
    </ClCompile>
    <ClCompile Include="src\Platform\OpenGL\OpenGLTexture.cpp">
      <Filter>Platform\OpenGL</Filter>
    </ClCompile>
    <ClCompile Include="src\Platform\OpenGL\OpenGLUniformBuffer.cpp">
      <Filter>Platform\OpenGL</Filter>
    </ClCompile>
    <ClCompile Include="src\Platform\OpenGL\OpenGLVertexArray.cpp">
      <Filter>Platform\OpenGL</Filter>
    </ClCompile>
    <ClCompile Include="src\Platform\Windows\WindowsWindow.cpp">
      <Filter>Platform\Windows</Filter>
    </ClCompile>
    <ClCompile Include="src\gppch.cpp" />
  </ItemGroup>
</Project>