<?xml version="1.0" encoding="utf-8"?>
<Project ToolsVersion="4.0" xmlns="http://schemas.microsoft.com/developer/msbuild/2003">
  <ItemGroup>
    <Filter Include="GamePunk">
      <UniqueIdentifier>{9D2F5A32-89FC-B43D-B215-A3E59E41EACB}</UniqueIdentifier>
    </Filter>
    <Filter Include="GamePunk\Core">
      <UniqueIdentifier>{159EC2CE-815E-3E05-4A99-8782B61883E1}</UniqueIdentifier>
    </Filter>
    <Filter Include="GamePunk\Debug">
      <UniqueIdentifier>{D3BB22A7-BF89-16AD-A81D-87D3948AF211}</UniqueIdentifier>
    </Filter>
    <Filter Include="GamePunk\Events">
      <UniqueIdentifier>{E188048F-4D14-7253-5625-F547C22FCE53}</UniqueIdentifier>
    </Filter>
  </ItemGroup>
  <ItemGroup>
    <ClInclude Include="src\GamePunk.h" />
    <ClInclude Include="src\GamePunk\Core\Application.h">
      <Filter>GamePunk</Filter>
    </ClInclude>
    <ClInclude Include="src\GamePunk\Core.h">
      <Filter>GamePunk</Filter>
    </ClInclude>
    <ClInclude Include="src\GamePunk\Core\Base.h">
      <Filter>GamePunk\Core</Filter>
    </ClInclude>
    <ClInclude Include="src\GamePunk\Core\KeyCodes.h">
      <Filter>GamePunk\Core</Filter>
    </ClInclude>
    <ClInclude Include="src\GamePunk\Core\Log.h">
      <Filter>GamePunk\Core</Filter>
    </ClInclude>
    <ClInclude Include="src\GamePunk\Core\MouseCodes.h">
      <Filter>GamePunk\Core</Filter>
    </ClInclude>
    <ClInclude Include="src\GamePunk\Core\EntryPoint.h">
      <Filter>GamePunk</Filter>
    </ClInclude>
    <ClInclude Include="src\GamePunk\Events\ApplicationEvent.h">
      <Filter>GamePunk\Events</Filter>
    </ClInclude>
    <ClInclude Include="src\GamePunk\Events\Event.h">
      <Filter>GamePunk\Events</Filter>
    </ClInclude>
    <ClInclude Include="src\GamePunk\Events\KeyEvent.h">
      <Filter>GamePunk\Events</Filter>
    </ClInclude>
    <ClInclude Include="src\GamePunk\Events\MouseEvent.h">
      <Filter>GamePunk\Events</Filter>
    </ClInclude>
    <ClInclude Include="src\gppch.h" />
    <ClInclude Include="src\GamePunk\Core\Window.h" />
    <ClInclude Include="src\Platform\Windows\WindowsWindow.h" />
    <ClInclude Include="src\GamePunk\Core\Input.h" />
    <ClInclude Include="src\GamePunk\Core\PlatformDetection.h" />
    <ClInclude Include="src\GamePunk\Core\Assert.h" />
    <ClInclude Include="src\GamePunk\Renderer\GraphicsContext.h" />
    <ClInclude Include="src\GamePunk\Renderer\Renderer.h" />
    <ClInclude Include="src\Platform\OpenGL\OpenGLContext.h" />
    <ClInclude Include="src\GamePunk\Debug\Instrumentor.h" />
    <ClInclude Include="src\GamePunk\Renderer\Shader.h" />
    <ClInclude Include="src\Platform\OpenGL\OpenGLBuffer.h" />
    <ClInclude Include="src\Platform\OpenGL\OpenGLFramebuffer.h" />
    <ClInclude Include="src\Platform\OpenGL\OpenGLRendererAPI.h" />
    <ClInclude Include="src\Platform\OpenGL\OpenGLShader.h" />
    <ClInclude Include="src\Platform\OpenGL\OpenGLTexture.h" />
    <ClInclude Include="src\Platform\OpenGL\OpenGLUniformBuffer.h" />
    <ClInclude Include="src\Platform\OpenGL\OpenGLVertexArray.h" />
    <ClInclude Include="src\GamePunk\Renderer\Buffer.h" />
    <ClInclude Include="src\GamePunk\Renderer\Camera.h" />
    <ClInclude Include="src\GamePunk\Renderer\EditorCamera.h" />
    <ClInclude Include="src\GamePunk\Renderer\Font.h" />
    <ClInclude Include="src\GamePunk\Renderer\Framebuffer.h" />
    <ClInclude Include="src\GamePunk\Renderer\MSDFData.h" />
    <ClInclude Include="src\GamePunk\Renderer\OrthographicCamera.h" />
    <ClInclude Include="src\GamePunk\Renderer\OrthographicCameraController.h" />
    <ClInclude Include="src\GamePunk\Renderer\RenderCommand.h" />
    <ClInclude Include="src\GamePunk\Renderer\Renderer2D.h" />
    <ClInclude Include="src\GamePunk\Renderer\RendererAPI.h" />
    <ClInclude Include="src\GamePunk\Renderer\Texture.h" />
    <ClInclude Include="src\GamePunk\Renderer\UniformBuffer.h" />
    <ClInclude Include="src\GamePunk\Renderer\VertexArray.h" />
  </ItemGroup>
  <ItemGroup>
    <ClCompile Include="src\GamePunk\Core\Application.cpp">
      <Filter>GamePunk</Filter>
    </ClCompile>
    <ClCompile Include="src\GamePunk\Core\Log.cpp">
      <Filter>GamePunk\Core</Filter>
    </ClCompile>
    <ClCompile Include="src\gppch.cpp" />
    <ClCompile Include="src\GamePunk\Core\Window.cpp" />
    <ClCompile Include="src\Platform\Windows\WindowsWindow.cpp" />
    <ClCompile Include="src\GamePunk\Renderer\GraphicsContext.cpp" />
    <ClCompile Include="src\GamePunk\Renderer\Renderer.cpp" />
    <ClCompile Include="src\Platform\OpenGL\OpenGLContext.cpp" />
    <ClCompile Include="src\GamePunk\Renderer\Shader.cpp" />
    <ClCompile Include="src\Platform\OpenGL\OpenGLBuffer.cpp" />
    <ClCompile Include="src\Platform\OpenGL\OpenGLFramebuffer.cpp" />
    <ClCompile Include="src\Platform\OpenGL\OpenGLRendererAPI.cpp" />
    <ClCompile Include="src\Platform\OpenGL\OpenGLShader.cpp" />
    <ClCompile Include="src\Platform\OpenGL\OpenGLTexture.cpp" />
    <ClCompile Include="src\Platform\OpenGL\OpenGLUniformBuffer.cpp" />
    <ClCompile Include="src\Platform\OpenGL\OpenGLVertexArray.cpp" />
    <ClCompile Include="src\GamePunk\Renderer\Buffer.cpp" />
    <ClCompile Include="src\GamePunk\Renderer\EditorCamera.cpp" />
    <ClCompile Include="src\GamePunk\Renderer\Font.cpp" />
    <ClCompile Include="src\GamePunk\Renderer\Framebuffer.cpp" />
    <ClCompile Include="src\GamePunk\Renderer\OrthographicCamera.cpp" />
    <ClCompile Include="src\GamePunk\Renderer\OrthographicCameraController.cpp" />
    <ClCompile Include="src\GamePunk\Renderer\RenderCommand.cpp" />
    <ClCompile Include="src\GamePunk\Renderer\Renderer2D.cpp" />
    <ClCompile Include="src\GamePunk\Renderer\RendererAPI.cpp" />
    <ClCompile Include="src\GamePunk\Renderer\Texture.cpp" />
    <ClCompile Include="src\GamePunk\Renderer\UniformBuffer.cpp" />
    <ClCompile Include="src\GamePunk\Renderer\VertexArray.cpp" />
  </ItemGroup>
</Project>